
Microsoft Visual Studio Solution File, Format Version 12.00
# Visual Studio Version 17
VisualStudioVersion = 17.3.32929.385
MinimumVisualStudioVersion = 10.0.40219.1
Project("{2150E333-8FDC-42A3-9474-1A3956D46DE8}") = "PushNotificationsFrontend", "PushNotificationsFrontend", "{5E877975-889D-44E6-9FC7-74D8714C252C}"
EndProject
Project("{2150E333-8FDC-42A3-9474-1A3956D46DE8}") = "App", "App", "{ABCFE7AC-CE7E-4A5A-B966-C962D6FAC99B}"
EndProject
Project("{FAE04EC0-301F-11D3-BF4B-00C04F79EFBC}") = "PushDemo.Android", "PushDemo\PushDemo.Android\PushDemo.Android.csproj", "{540AD2EF-DD50-4923-A683-3F1F6F41ADB8}"
EndProject
Project("{FAE04EC0-301F-11D3-BF4B-00C04F79EFBC}") = "PushDemo.iOS", "PushDemo\PushDemo.iOS\PushDemo.iOS.csproj", "{D6F37090-491D-4B96-9DF8-CA18BCFE95C6}"
EndProject
Project("{FAE04EC0-301F-11D3-BF4B-00C04F79EFBC}") = "PushDemo", "PushDemo\PushDemo\PushDemo.csproj", "{435986C3-B583-4D37-AAAC-99C225864C07}"
EndProject
Global
	GlobalSection(SolutionConfigurationPlatforms) = preSolution
		Debug|Any CPU = Debug|Any CPU
		Debug|iPhone = Debug|iPhone
		Debug|iPhoneSimulator = Debug|iPhoneSimulator
		Release|Any CPU = Release|Any CPU
		Release|iPhone = Release|iPhone
		Release|iPhoneSimulator = Release|iPhoneSimulator
	EndGlobalSection
	GlobalSection(ProjectConfigurationPlatforms) = postSolution
		{540AD2EF-DD50-4923-A683-3F1F6F41ADB8}.Debug|Any CPU.ActiveCfg = Debug|Any CPU
		{540AD2EF-DD50-4923-A683-3F1F6F41ADB8}.Debug|Any CPU.Build.0 = Debug|Any CPU
		{540AD2EF-DD50-4923-A683-3F1F6F41ADB8}.Debug|Any CPU.Deploy.0 = Debug|Any CPU
		{540AD2EF-DD50-4923-A683-3F1F6F41ADB8}.Debug|iPhone.ActiveCfg = Debug|Any CPU
		{540AD2EF-DD50-4923-A683-3F1F6F41ADB8}.Debug|iPhone.Build.0 = Debug|Any CPU
		{540AD2EF-DD50-4923-A683-3F1F6F41ADB8}.Debug|iPhone.Deploy.0 = Debug|Any CPU
		{540AD2EF-DD50-4923-A683-3F1F6F41ADB8}.Debug|iPhoneSimulator.ActiveCfg = Debug|Any CPU
		{540AD2EF-DD50-4923-A683-3F1F6F41ADB8}.Debug|iPhoneSimulator.Build.0 = Debug|Any CPU
		{540AD2EF-DD50-4923-A683-3F1F6F41ADB8}.Debug|iPhoneSimulator.Deploy.0 = Debug|Any CPU
		{540AD2EF-DD50-4923-A683-3F1F6F41ADB8}.Release|Any CPU.ActiveCfg = Release|Any CPU
		{540AD2EF-DD50-4923-A683-3F1F6F41ADB8}.Release|Any CPU.Build.0 = Release|Any CPU
		{540AD2EF-DD50-4923-A683-3F1F6F41ADB8}.Release|Any CPU.Deploy.0 = Release|Any CPU
		{540AD2EF-DD50-4923-A683-3F1F6F41ADB8}.Release|iPhone.ActiveCfg = Release|Any CPU
		{540AD2EF-DD50-4923-A683-3F1F6F41ADB8}.Release|iPhone.Build.0 = Release|Any CPU
		{540AD2EF-DD50-4923-A683-3F1F6F41ADB8}.Release|iPhone.Deploy.0 = Release|Any CPU
		{540AD2EF-DD50-4923-A683-3F1F6F41ADB8}.Release|iPhoneSimulator.ActiveCfg = Release|Any CPU
		{540AD2EF-DD50-4923-A683-3F1F6F41ADB8}.Release|iPhoneSimulator.Build.0 = Release|Any CPU
		{540AD2EF-DD50-4923-A683-3F1F6F41ADB8}.Release|iPhoneSimulator.Deploy.0 = Release|Any CPU
		{D6F37090-491D-4B96-9DF8-CA18BCFE95C6}.Debug|Any CPU.ActiveCfg = Debug|iPhoneSimulator
		{D6F37090-491D-4B96-9DF8-CA18BCFE95C6}.Debug|Any CPU.Build.0 = Debug|iPhoneSimulator
		{D6F37090-491D-4B96-9DF8-CA18BCFE95C6}.Debug|iPhone.ActiveCfg = Debug|iPhone
		{D6F37090-491D-4B96-9DF8-CA18BCFE95C6}.Debug|iPhone.Build.0 = Debug|iPhone
		{D6F37090-491D-4B96-9DF8-CA18BCFE95C6}.Debug|iPhoneSimulator.ActiveCfg = Debug|iPhoneSimulator
		{D6F37090-491D-4B96-9DF8-CA18BCFE95C6}.Debug|iPhoneSimulator.Build.0 = Debug|iPhoneSimulator
		{D6F37090-491D-4B96-9DF8-CA18BCFE95C6}.Release|Any CPU.ActiveCfg = Release|iPhoneSimulator
		{D6F37090-491D-4B96-9DF8-CA18BCFE95C6}.Release|Any CPU.Build.0 = Release|iPhoneSimulator
		{D6F37090-491D-4B96-9DF8-CA18BCFE95C6}.Release|iPhone.ActiveCfg = Release|iPhone
		{D6F37090-491D-4B96-9DF8-CA18BCFE95C6}.Release|iPhone.Build.0 = Release|iPhone
		{D6F37090-491D-4B96-9DF8-CA18BCFE95C6}.Release|iPhoneSimulator.ActiveCfg = Release|iPhoneSimulator
		{D6F37090-491D-4B96-9DF8-CA18BCFE95C6}.Release|iPhoneSimulator.Build.0 = Release|iPhoneSimulator
		{435986C3-B583-4D37-AAAC-99C225864C07}.Debug|Any CPU.ActiveCfg = Debug|Any CPU
		{435986C3-B583-4D37-AAAC-99C225864C07}.Debug|Any CPU.Build.0 = Debug|Any CPU
		{435986C3-B583-4D37-AAAC-99C225864C07}.Debug|iPhone.ActiveCfg = Debug|Any CPU
		{435986C3-B583-4D37-AAAC-99C225864C07}.Debug|iPhone.Build.0 = Debug|Any CPU
		{435986C3-B583-4D37-AAAC-99C225864C07}.Debug|iPhoneSimulator.ActiveCfg = Debug|Any CPU
		{435986C3-B583-4D37-AAAC-99C225864C07}.Debug|iPhoneSimulator.Build.0 = Debug|Any CPU
		{435986C3-B583-4D37-AAAC-99C225864C07}.Release|Any CPU.ActiveCfg = Release|Any CPU
		{435986C3-B583-4D37-AAAC-99C225864C07}.Release|Any CPU.Build.0 = Release|Any CPU
		{435986C3-B583-4D37-AAAC-99C225864C07}.Release|iPhone.ActiveCfg = Release|Any CPU
		{435986C3-B583-4D37-AAAC-99C225864C07}.Release|iPhone.Build.0 = Release|Any CPU
		{435986C3-B583-4D37-AAAC-99C225864C07}.Release|iPhoneSimulator.ActiveCfg = Release|Any CPU
		{435986C3-B583-4D37-AAAC-99C225864C07}.Release|iPhoneSimulator.Build.0 = Release|Any CPU
	EndGlobalSection
	GlobalSection(SolutionProperties) = preSolution
		HideSolutionNode = FALSE
	EndGlobalSection
	GlobalSection(NestedProjects) = preSolution
		{ABCFE7AC-CE7E-4A5A-B966-C962D6FAC99B} = {5E877975-889D-44E6-9FC7-74D8714C252C}
		{540AD2EF-DD50-4923-A683-3F1F6F41ADB8} = {ABCFE7AC-CE7E-4A5A-B966-C962D6FAC99B}
		{D6F37090-491D-4B96-9DF8-CA18BCFE95C6} = {ABCFE7AC-CE7E-4A5A-B966-C962D6FAC99B}
		{435986C3-B583-4D37-AAAC-99C225864C07} = {ABCFE7AC-CE7E-4A5A-B966-C962D6FAC99B}
	EndGlobalSection
	GlobalSection(ExtensibilityGlobals) = postSolution
		SolutionGuid = {FE10A350-06F3-451D-A41D-4F99509F89E2}
	EndGlobalSection
EndGlobal
